
Microsoft Visual Studio Solution File, Format Version 12.00
# Visual Studio Version 17
VisualStudioVersion = 17.14.36429.23
MinimumVisualStudioVersion = 10.0.40219.1
Project("{FAE04EC0-301F-11D3-BF4B-00C04F79EFBC}") = "Api", "Api\Api.csproj", "{B835FF7C-B4A8-45AF-909C-DDF404D7C69B}"
EndProject
Project("{FAE04EC0-301F-11D3-BF4B-00C04F79EFBC}") = "WebApp", "WebApp\WebApp.csproj", "{167A7154-68E5-4409-BC0A-C7EDA214DDC1}"
EndProject
Global
	GlobalSection(SolutionConfigurationPlatforms) = preSolution
		Debug|Any CPU = Debug|Any CPU
		Release|Any CPU = Release|Any CPU
	EndGlobalSection
	GlobalSection(ProjectConfigurationPlatforms) = postSolution
		{B835FF7C-B4A8-45AF-909C-DDF404D7C69B}.Debug|Any CPU.ActiveCfg = Debug|Any CPU
		{B835FF7C-B4A8-45AF-909C-DDF404D7C69B}.Debug|Any CPU.Build.0 = Debug|Any CPU
		{B835FF7C-B4A8-45AF-909C-DDF404D7C69B}.Release|Any CPU.ActiveCfg = Release|Any CPU
		{B835FF7C-B4A8-45AF-909C-DDF404D7C69B}.Release|Any CPU.Build.0 = Release|Any CPU
		{167A7154-68E5-4409-BC0A-C7EDA214DDC1}.Debug|Any CPU.ActiveCfg = Debug|Any CPU
		{167A7154-68E5-4409-BC0A-C7EDA214DDC1}.Debug|Any CPU.Build.0 = Debug|Any CPU
		{167A7154-68E5-4409-BC0A-C7EDA214DDC1}.Release|Any CPU.ActiveCfg = Release|Any CPU
		{167A7154-68E5-4409-BC0A-C7EDA214DDC1}.Release|Any CPU.Build.0 = Release|Any CPU
	EndGlobalSection
	GlobalSection(SolutionProperties) = preSolution
		HideSolutionNode = FALSE
	EndGlobalSection
	GlobalSection(ExtensibilityGlobals) = postSolution
		SolutionGuid = {813D8A84-CC47-4439-976F-5650E3354A4E}
	EndGlobalSection
EndGlobal
